
Microsoft Visual Studio Solution File, Format Version 12.00
# Visual Studio Version 17
VisualStudioVersion = 17.10.34928.147
MinimumVisualStudioVersion = 10.0.40219.1
Project("{FAE04EC0-301F-11D3-BF4B-00C04F79EFBC}") = "LoginGG", "LoginGG.csproj", "{90E08177-C3B8-484B-9445-F684FEB61752}"
EndProject
Global
	GlobalSection(SolutionConfigurationPlatforms) = preSolution
		Debug|Any CPU = Debug|Any CPU
		Release|Any CPU = Release|Any CPU
	EndGlobalSection
	GlobalSection(ProjectConfigurationPlatforms) = postSolution
		{90E08177-C3B8-484B-9445-F684FEB61752}.Debug|Any CPU.ActiveCfg = Debug|Any CPU
		{90E08177-C3B8-484B-9445-F684FEB61752}.Debug|Any CPU.Build.0 = Debug|Any CPU
		{90E08177-C3B8-484B-9445-F684FEB61752}.Release|Any CPU.ActiveCfg = Release|Any CPU
		{90E08177-C3B8-484B-9445-F684FEB61752}.Release|Any CPU.Build.0 = Release|Any CPU
	EndGlobalSection
	GlobalSection(SolutionProperties) = preSolution
		HideSolutionNode = FALSE
	EndGlobalSection
	GlobalSection(ExtensibilityGlobals) = postSolution
		SolutionGuid = {37B6A94E-C7A2-4C2B-9706-6521E678833C}
	EndGlobalSection
EndGlobal
